
Microsoft Visual Studio Solution File, Format Version 12.00
# Visual Studio Version 16
VisualStudioVersion = 16.0.31515.178
MinimumVisualStudioVersion = 10.0.40219.1
Project("{FAE04EC0-301F-11D3-BF4B-00C04F79EFBC}") = "FlappyBirds", "FlappyBirds\FlappyBirds.csproj", "{F327079B-DDA1-4EEF-A232-AC586F665E69}"
EndProject
Global
	GlobalSection(SolutionConfigurationPlatforms) = preSolution
		Debug|Any CPU = Debug|Any CPU
		Release|Any CPU = Release|Any CPU
	EndGlobalSection
	GlobalSection(ProjectConfigurationPlatforms) = postSolution
		{F327079B-DDA1-4EEF-A232-AC586F665E69}.Debug|Any CPU.ActiveCfg = Debug|Any CPU
		{F327079B-DDA1-4EEF-A232-AC586F665E69}.Debug|Any CPU.Build.0 = Debug|Any CPU
		{F327079B-DDA1-4EEF-A232-AC586F665E69}.Release|Any CPU.ActiveCfg = Release|Any CPU
		{F327079B-DDA1-4EEF-A232-AC586F665E69}.Release|Any CPU.Build.0 = Release|Any CPU
	EndGlobalSection
	GlobalSection(SolutionProperties) = preSolution
		HideSolutionNode = FALSE
	EndGlobalSection
	GlobalSection(ExtensibilityGlobals) = postSolution
		SolutionGuid = {03A1F8EC-7C25-4128-A82E-3AD174A69A68}
	EndGlobalSection
EndGlobal
